
Microsoft Visual Studio Solution File, Format Version 12.00
# Visual Studio Version 17
VisualStudioVersion = 17.12.35521.163
MinimumVisualStudioVersion = 10.0.40219.1
Project("{2150E333-8FDC-42A3-9474-1A3956D46DE8}") = "Elementi di soluzione", "Elementi di soluzione", "{06AB9AC0-1A95-47C5-85D8-16ECD54510F0}"
	ProjectSection(SolutionItems) = preProject
		..\..\README.md = ..\..\README.md
	EndProjectSection
EndProject
Project("{FAE04EC0-301F-11D3-BF4B-00C04F79EFBC}") = "RoomBookingApp.Core.Tests", "RoomBookingApp.Core.Tests\RoomBookingApp.Core.Tests.csproj", "{B0D3B16E-D39E-4164-AF72-4EF0FDCAFDB7}"
EndProject
Project("{FAE04EC0-301F-11D3-BF4B-00C04F79EFBC}") = "RoomBookingApp.Core", "RoomBookingApp.Core\RoomBookingApp.Core.csproj", "{8D6593C9-1CF5-4076-82EE-577346E1F6C8}"
EndProject
Project("{FAE04EC0-301F-11D3-BF4B-00C04F79EFBC}") = "RoomBookingApp.Domain", "RoomBookingApp.Domain\RoomBookingApp.Domain.csproj", "{C24F1250-129F-4556-B006-E735AB1A8BF0}"
EndProject
Project("{FAE04EC0-301F-11D3-BF4B-00C04F79EFBC}") = "RoomBookingApp.Persistence", "RoomBookingApp.Persistence\RoomBookingApp.Persistence.csproj", "{BB3FD843-16E3-4F9D-93AE-AC4E455B4129}"
EndProject
Project("{FAE04EC0-301F-11D3-BF4B-00C04F79EFBC}") = "RoomBookingApp.Persistence.Tests", "RoomBookingApp.Persistence.Tests\RoomBookingApp.Persistence.Tests.csproj", "{005419CB-128B-4D29-878F-CD8BEAEBB187}"
EndProject
Project("{FAE04EC0-301F-11D3-BF4B-00C04F79EFBC}") = "RoomBookingApp.API", "RoomBookingApp.API\RoomBookingApp.API.csproj", "{B8D4074F-D47C-48A8-9CA5-34BC14175026}"
EndProject
Project("{FAE04EC0-301F-11D3-BF4B-00C04F79EFBC}") = "RoomBookingApp.API.Tests", "RoomBookingApp.API.Tests\RoomBookingApp.API.Tests.csproj", "{0CA6CC03-5041-4E7B-A96A-0D8BC52A7F93}"
EndProject
Global
	GlobalSection(SolutionConfigurationPlatforms) = preSolution
		Debug|Any CPU = Debug|Any CPU
		Release|Any CPU = Release|Any CPU
	EndGlobalSection
	GlobalSection(ProjectConfigurationPlatforms) = postSolution
		{B0D3B16E-D39E-4164-AF72-4EF0FDCAFDB7}.Debug|Any CPU.ActiveCfg = Debug|Any CPU
		{B0D3B16E-D39E-4164-AF72-4EF0FDCAFDB7}.Debug|Any CPU.Build.0 = Debug|Any CPU
		{B0D3B16E-D39E-4164-AF72-4EF0FDCAFDB7}.Release|Any CPU.ActiveCfg = Release|Any CPU
		{B0D3B16E-D39E-4164-AF72-4EF0FDCAFDB7}.Release|Any CPU.Build.0 = Release|Any CPU
		{8D6593C9-1CF5-4076-82EE-577346E1F6C8}.Debug|Any CPU.ActiveCfg = Debug|Any CPU
		{8D6593C9-1CF5-4076-82EE-577346E1F6C8}.Debug|Any CPU.Build.0 = Debug|Any CPU
		{8D6593C9-1CF5-4076-82EE-577346E1F6C8}.Release|Any CPU.ActiveCfg = Release|Any CPU
		{8D6593C9-1CF5-4076-82EE-577346E1F6C8}.Release|Any CPU.Build.0 = Release|Any CPU
		{C24F1250-129F-4556-B006-E735AB1A8BF0}.Debug|Any CPU.ActiveCfg = Debug|Any CPU
		{C24F1250-129F-4556-B006-E735AB1A8BF0}.Debug|Any CPU.Build.0 = Debug|Any CPU
		{C24F1250-129F-4556-B006-E735AB1A8BF0}.Release|Any CPU.ActiveCfg = Release|Any CPU
		{C24F1250-129F-4556-B006-E735AB1A8BF0}.Release|Any CPU.Build.0 = Release|Any CPU
		{BB3FD843-16E3-4F9D-93AE-AC4E455B4129}.Debug|Any CPU.ActiveCfg = Debug|Any CPU
		{BB3FD843-16E3-4F9D-93AE-AC4E455B4129}.Debug|Any CPU.Build.0 = Debug|Any CPU
		{BB3FD843-16E3-4F9D-93AE-AC4E455B4129}.Release|Any CPU.ActiveCfg = Release|Any CPU
		{BB3FD843-16E3-4F9D-93AE-AC4E455B4129}.Release|Any CPU.Build.0 = Release|Any CPU
		{005419CB-128B-4D29-878F-CD8BEAEBB187}.Debug|Any CPU.ActiveCfg = Debug|Any CPU
		{005419CB-128B-4D29-878F-CD8BEAEBB187}.Debug|Any CPU.Build.0 = Debug|Any CPU
		{005419CB-128B-4D29-878F-CD8BEAEBB187}.Release|Any CPU.ActiveCfg = Release|Any CPU
		{005419CB-128B-4D29-878F-CD8BEAEBB187}.Release|Any CPU.Build.0 = Release|Any CPU
		{B8D4074F-D47C-48A8-9CA5-34BC14175026}.Debug|Any CPU.ActiveCfg = Debug|Any CPU
		{B8D4074F-D47C-48A8-9CA5-34BC14175026}.Debug|Any CPU.Build.0 = Debug|Any CPU
		{B8D4074F-D47C-48A8-9CA5-34BC14175026}.Release|Any CPU.ActiveCfg = Release|Any CPU
		{B8D4074F-D47C-48A8-9CA5-34BC14175026}.Release|Any CPU.Build.0 = Release|Any CPU
		{0CA6CC03-5041-4E7B-A96A-0D8BC52A7F93}.Debug|Any CPU.ActiveCfg = Debug|Any CPU
		{0CA6CC03-5041-4E7B-A96A-0D8BC52A7F93}.Debug|Any CPU.Build.0 = Debug|Any CPU
		{0CA6CC03-5041-4E7B-A96A-0D8BC52A7F93}.Release|Any CPU.ActiveCfg = Release|Any CPU
		{0CA6CC03-5041-4E7B-A96A-0D8BC52A7F93}.Release|Any CPU.Build.0 = Release|Any CPU
	EndGlobalSection
	GlobalSection(SolutionProperties) = preSolution
		HideSolutionNode = FALSE
	EndGlobalSection
EndGlobal
